
Microsoft Visual Studio Solution File, Format Version 12.00
# Visual Studio 15
VisualStudioVersion = 15.0.27004.2010
MinimumVisualStudioVersion = 10.0.40219.1
Project("{888888A0-9F3D-457C-B088-3A5042F75D52}") = "SudokuTrial", "SudokuTrial\SudokuTrial.pyproj", "{2ECABA61-1B7B-45EA-B986-C3592D75F726}"
EndProject
Global
	GlobalSection(SolutionConfigurationPlatforms) = preSolution
		Debug|Any CPU = Debug|Any CPU
		Release|Any CPU = Release|Any CPU
	EndGlobalSection
	GlobalSection(ProjectConfigurationPlatforms) = postSolution
		{2ECABA61-1B7B-45EA-B986-C3592D75F726}.Debug|Any CPU.ActiveCfg = Debug|Any CPU
		{2ECABA61-1B7B-45EA-B986-C3592D75F726}.Release|Any CPU.ActiveCfg = Release|Any CPU
	EndGlobalSection
	GlobalSection(SolutionProperties) = preSolution
		HideSolutionNode = FALSE
	EndGlobalSection
	GlobalSection(ExtensibilityGlobals) = postSolution
		SolutionGuid = {42C0A3FB-BBAA-4C63-9514-0EC2450E24D8}
	EndGlobalSection
EndGlobal
